
Microsoft Visual Studio Solution File, Format Version 12.00
# Visual Studio Version 16
VisualStudioVersion = 16.0.30002.166
MinimumVisualStudioVersion = 10.0.40219.1
Project("{9A19103F-16F7-4668-BE54-9A1E7A4F7556}") = "Pasco.FareCalcBatch", "Pasco.FareCalcBatch\Pasco.FareCalcBatch.csproj", "{EB9BC80F-04E7-497E-B2DA-9F084796E1C7}"
EndProject
Project("{9A19103F-16F7-4668-BE54-9A1E7A4F7556}") = "Pasco.FareCalcLib", "Pasco.FareCalcLib\Pasco.FareCalcLib.csproj", "{778A9410-BDA2-4BA0-8E26-20460E2C81B4}"
EndProject
Project("{9A19103F-16F7-4668-BE54-9A1E7A4F7556}") = "Pasco.MakeCalcDataBatch", "Pasco.MakeCalcDataBatch\Pasco.MakeCalcDataBatch.csproj", "{7406AAFC-0D8B-437F-9D5B-8B817C246EA2}"
EndProject
Global
	GlobalSection(SolutionConfigurationPlatforms) = preSolution
		Debug|Any CPU = Debug|Any CPU
		Release|Any CPU = Release|Any CPU
	EndGlobalSection
	GlobalSection(ProjectConfigurationPlatforms) = postSolution
		{EB9BC80F-04E7-497E-B2DA-9F084796E1C7}.Debug|Any CPU.ActiveCfg = Debug|Any CPU
		{EB9BC80F-04E7-497E-B2DA-9F084796E1C7}.Debug|Any CPU.Build.0 = Debug|Any CPU
		{EB9BC80F-04E7-497E-B2DA-9F084796E1C7}.Release|Any CPU.ActiveCfg = Release|Any CPU
		{EB9BC80F-04E7-497E-B2DA-9F084796E1C7}.Release|Any CPU.Build.0 = Release|Any CPU
		{778A9410-BDA2-4BA0-8E26-20460E2C81B4}.Debug|Any CPU.ActiveCfg = Debug|Any CPU
		{778A9410-BDA2-4BA0-8E26-20460E2C81B4}.Debug|Any CPU.Build.0 = Debug|Any CPU
		{778A9410-BDA2-4BA0-8E26-20460E2C81B4}.Release|Any CPU.ActiveCfg = Release|Any CPU
		{778A9410-BDA2-4BA0-8E26-20460E2C81B4}.Release|Any CPU.Build.0 = Release|Any CPU
		{7406AAFC-0D8B-437F-9D5B-8B817C246EA2}.Debug|Any CPU.ActiveCfg = Debug|Any CPU
		{7406AAFC-0D8B-437F-9D5B-8B817C246EA2}.Debug|Any CPU.Build.0 = Debug|Any CPU
		{7406AAFC-0D8B-437F-9D5B-8B817C246EA2}.Release|Any CPU.ActiveCfg = Release|Any CPU
		{7406AAFC-0D8B-437F-9D5B-8B817C246EA2}.Release|Any CPU.Build.0 = Release|Any CPU
	EndGlobalSection
	GlobalSection(SolutionProperties) = preSolution
		HideSolutionNode = FALSE
	EndGlobalSection
	GlobalSection(ExtensibilityGlobals) = postSolution
		SolutionGuid = {E5C9239D-FEA1-42EB-B45C-275496EB39B3}
	EndGlobalSection
EndGlobal
